
Microsoft Visual Studio Solution File, Format Version 12.00
# Visual Studio Version 17
VisualStudioVersion = 17.2.32630.192
MinimumVisualStudioVersion = 10.0.40219.1
Project("{9A19103F-16F7-4668-BE54-9A1E7A4F7556}") = "Labb3Library", "Labb3\Labb3Library.csproj", "{110EB891-9399-464D-9A33-817EBD7145AD}"
EndProject
Project("{9A19103F-16F7-4668-BE54-9A1E7A4F7556}") = "Labb3Program", "Labb3Program\Labb3Program.csproj", "{002237F1-85B2-4676-814E-39DDE6BEBA95}"
EndProject
Project("{9A19103F-16F7-4668-BE54-9A1E7A4F7556}") = "WinFormsLabb3.1", "WinFormsLabb3.1\WinFormsLabb3.1.csproj", "{A56758C3-5604-4751-8E82-7BC810D6803C}"
EndProject
Global
	GlobalSection(SolutionConfigurationPlatforms) = preSolution
		Debug|Any CPU = Debug|Any CPU
		Release|Any CPU = Release|Any CPU
	EndGlobalSection
	GlobalSection(ProjectConfigurationPlatforms) = postSolution
		{110EB891-9399-464D-9A33-817EBD7145AD}.Debug|Any CPU.ActiveCfg = Debug|Any CPU
		{110EB891-9399-464D-9A33-817EBD7145AD}.Debug|Any CPU.Build.0 = Debug|Any CPU
		{110EB891-9399-464D-9A33-817EBD7145AD}.Release|Any CPU.ActiveCfg = Release|Any CPU
		{110EB891-9399-464D-9A33-817EBD7145AD}.Release|Any CPU.Build.0 = Release|Any CPU
		{002237F1-85B2-4676-814E-39DDE6BEBA95}.Debug|Any CPU.ActiveCfg = Debug|Any CPU
		{002237F1-85B2-4676-814E-39DDE6BEBA95}.Debug|Any CPU.Build.0 = Debug|Any CPU
		{002237F1-85B2-4676-814E-39DDE6BEBA95}.Release|Any CPU.ActiveCfg = Release|Any CPU
		{002237F1-85B2-4676-814E-39DDE6BEBA95}.Release|Any CPU.Build.0 = Release|Any CPU
		{A56758C3-5604-4751-8E82-7BC810D6803C}.Debug|Any CPU.ActiveCfg = Debug|Any CPU
		{A56758C3-5604-4751-8E82-7BC810D6803C}.Debug|Any CPU.Build.0 = Debug|Any CPU
		{A56758C3-5604-4751-8E82-7BC810D6803C}.Release|Any CPU.ActiveCfg = Release|Any CPU
		{A56758C3-5604-4751-8E82-7BC810D6803C}.Release|Any CPU.Build.0 = Release|Any CPU
	EndGlobalSection
	GlobalSection(SolutionProperties) = preSolution
		HideSolutionNode = FALSE
	EndGlobalSection
	GlobalSection(ExtensibilityGlobals) = postSolution
		SolutionGuid = {DB526D78-2A6A-428B-8DA4-1A33103B982F}
	EndGlobalSection
EndGlobal
